// !$*UTF8*$!
{
	archiveVersion = 1;
	classes = {
	};
	objectVersion = 51;
	objects = {

/* Begin PBXBuildFile section */
		1355CA0725A04BD2008664D5 /* BaseController.m in Sources */ = {isa = PBXBuildFile; fileRef = 1355CA0625A04BD2008664D5 /* BaseController.m */; };
		1355CA1125A04D0D008664D5 /* XHErrorView.m in Sources */ = {isa = PBXBuildFile; fileRef = 1355CA1025A04D0D008664D5 /* XHErrorView.m */; };
		1355CA1925A04D1F008664D5 /* XHErrorView.xib in Resources */ = {isa = PBXBuildFile; fileRef = 1355CA1825A04D1F008664D5 /* XHErrorView.xib */; };
		1355CA2625A18FAB008664D5 /* XHColor.m in Sources */ = {isa = PBXBuildFile; fileRef = 1355CA2425A18FAB008664D5 /* XHColor.m */; };
		1355CA2725A18FAB008664D5 /* UIColor+Category.m in Sources */ = {isa = PBXBuildFile; fileRef = 1355CA2525A18FAB008664D5 /* UIColor+Category.m */; };
		1355CA2E25A1902B008664D5 /* XHTextConst.m in Sources */ = {isa = PBXBuildFile; fileRef = 1355CA2D25A1902B008664D5 /* XHTextConst.m */; };
		1355CA4325A19E15008664D5 /* Localizable.strings in Resources */ = {isa = PBXBuildFile; fileRef = 1355CA4525A19E15008664D5 /* Localizable.strings */; };
		13864FAB25A1D72E008FF26F /* UIImage+ToastGIF.m in Sources */ = {isa = PBXBuildFile; fileRef = 13864FAA25A1D72E008FF26F /* UIImage+ToastGIF.m */; };
		13864FBB25A1D82F008FF26F /* loading.gif in Resources */ = {isa = PBXBuildFile; fileRef = 13864FBA25A1D82F008FF26F /* loading.gif */; };
		13F3FB6725A1ED7C00A0D5EE /* XHTableView.m in Sources */ = {isa = PBXBuildFile; fileRef = 13F3FB6625A1ED7C00A0D5EE /* XHTableView.m */; };
		3A515D2CE78A449586297AAF /* Pods_GeneralApp.framework in Frameworks */ = {isa = PBXBuildFile; fileRef = 6DF7AF3F5A40A3403E78FA08 /* Pods_GeneralApp.framework */; };
		C00A672A259D6803006BBE55 /* AppDelegate.m in Sources */ = {isa = PBXBuildFile; fileRef = C00A6729259D6803006BBE55 /* AppDelegate.m */; };
		C00A6733259D6803006BBE55 /* Main.storyboard in Resources */ = {isa = PBXBuildFile; fileRef = C00A6731259D6803006BBE55 /* Main.storyboard */; };
		C00A6735259D6804006BBE55 /* Assets.xcassets in Resources */ = {isa = PBXBuildFile; fileRef = C00A6734259D6804006BBE55 /* Assets.xcassets */; };
		C00A6738259D6804006BBE55 /* LaunchScreen.storyboard in Resources */ = {isa = PBXBuildFile; fileRef = C00A6736259D6804006BBE55 /* LaunchScreen.storyboard */; };
		C00A673B259D6804006BBE55 /* main.m in Sources */ = {isa = PBXBuildFile; fileRef = C00A673A259D6804006BBE55 /* main.m */; };
		C00A6745259D6805006BBE55 /* GeneralAppTests.m in Sources */ = {isa = PBXBuildFile; fileRef = C00A6744259D6805006BBE55 /* GeneralAppTests.m */; };
		C00A6750259D6805006BBE55 /* GeneralAppUITests.m in Sources */ = {isa = PBXBuildFile; fileRef = C00A674F259D6805006BBE55 /* GeneralAppUITests.m */; };
		C00A678D259D7C08006BBE55 /* XHNetWork.m in Sources */ = {isa = PBXBuildFile; fileRef = C00A678C259D7C08006BBE55 /* XHNetWork.m */; };
		C00A6793259D7C3A006BBE55 /* XHCacheTool.m in Sources */ = {isa = PBXBuildFile; fileRef = C00A6792259D7C3A006BBE55 /* XHCacheTool.m */; };
		C00A6799259DAD8D006BBE55 /* XHFileData.m in Sources */ = {isa = PBXBuildFile; fileRef = C00A6798259DAD8D006BBE55 /* XHFileData.m */; };
		C00A679F259DB3C0006BBE55 /* ApiManager.m in Sources */ = {isa = PBXBuildFile; fileRef = C00A679E259DB3C0006BBE55 /* ApiManager.m */; };
		C00A67B3259DC7A5006BBE55 /* HomePageVC.m in Sources */ = {isa = PBXBuildFile; fileRef = C00A67B2259DC7A5006BBE55 /* HomePageVC.m */; };
		C00A67BF259DD622006BBE55 /* ProgressHUD.m in Sources */ = {isa = PBXBuildFile; fileRef = C00A67BE259DD622006BBE55 /* ProgressHUD.m */; };
/* End PBXBuildFile section */

/* Begin PBXContainerItemProxy section */
		C00A6741259D6805006BBE55 /* PBXContainerItemProxy */ = {
			isa = PBXContainerItemProxy;
			containerPortal = C00A671D259D6803006BBE55 /* Project object */;
			proxyType = 1;
			remoteGlobalIDString = C00A6724259D6803006BBE55;
			remoteInfo = GeneralApp;
		};
		C00A674C259D6805006BBE55 /* PBXContainerItemProxy */ = {
			isa = PBXContainerItemProxy;
			containerPortal = C00A671D259D6803006BBE55 /* Project object */;
			proxyType = 1;
			remoteGlobalIDString = C00A6724259D6803006BBE55;
			remoteInfo = GeneralApp;
		};
/* End PBXContainerItemProxy section */

/* Begin PBXFileReference section */
		1355CA0525A04BD2008664D5 /* BaseController.h */ = {isa = PBXFileReference; lastKnownFileType = sourcecode.c.h; path = BaseController.h; sourceTree = "<group>"; };
		1355CA0625A04BD2008664D5 /* BaseController.m */ = {isa = PBXFileReference; lastKnownFileType = sourcecode.c.objc; path = BaseController.m; sourceTree = "<group>"; };
		1355CA0F25A04D0D008664D5 /* XHErrorView.h */ = {isa = PBXFileReference; lastKnownFileType = sourcecode.c.h; path = XHErrorView.h; sourceTree = "<group>"; };
		1355CA1025A04D0D008664D5 /* XHErrorView.m */ = {isa = PBXFileReference; lastKnownFileType = sourcecode.c.objc; path = XHErrorView.m; sourceTree = "<group>"; };
		1355CA1825A04D1F008664D5 /* XHErrorView.xib */ = {isa = PBXFileReference; lastKnownFileType = file.xib; path = XHErrorView.xib; sourceTree = "<group>"; };
		1355CA2225A18FAB008664D5 /* XHColor.h */ = {isa = PBXFileReference; fileEncoding = 4; lastKnownFileType = sourcecode.c.h; path = XHColor.h; sourceTree = "<group>"; };
		1355CA2325A18FAB008664D5 /* UIColor+Category.h */ = {isa = PBXFileReference; fileEncoding = 4; lastKnownFileType = sourcecode.c.h; path = "UIColor+Category.h"; sourceTree = "<group>"; };
		1355CA2425A18FAB008664D5 /* XHColor.m */ = {isa = PBXFileReference; fileEncoding = 4; lastKnownFileType = sourcecode.c.objc; path = XHColor.m; sourceTree = "<group>"; };
		1355CA2525A18FAB008664D5 /* UIColor+Category.m */ = {isa = PBXFileReference; fileEncoding = 4; lastKnownFileType = sourcecode.c.objc; path = "UIColor+Category.m"; sourceTree = "<group>"; };
		1355CA2C25A1902B008664D5 /* XHTextConst.h */ = {isa = PBXFileReference; lastKnownFileType = sourcecode.c.h; path = XHTextConst.h; sourceTree = "<group>"; };
		1355CA2D25A1902B008664D5 /* XHTextConst.m */ = {isa = PBXFileReference; lastKnownFileType = sourcecode.c.objc; path = XHTextConst.m; sourceTree = "<group>"; };
		1355CA3225A19084008664D5 /* XHKit.h */ = {isa = PBXFileReference; lastKnownFileType = sourcecode.c.h; path = XHKit.h; sourceTree = "<group>"; };
		1355CA3625A19CC6008664D5 /* zh-Hans */ = {isa = PBXFileReference; lastKnownFileType = text.plist.strings; name = "zh-Hans"; path = "zh-Hans.lproj/Main.strings"; sourceTree = "<group>"; };
		1355CA3A25A19CC6008664D5 /* zh-Hans */ = {isa = PBXFileReference; lastKnownFileType = text.plist.strings; name = "zh-Hans"; path = "zh-Hans.lproj/LaunchScreen.strings"; sourceTree = "<group>"; };
		1355CA4425A19E15008664D5 /* en */ = {isa = PBXFileReference; lastKnownFileType = text.plist.strings; name = en; path = en.lproj/Localizable.strings; sourceTree = "<group>"; };
		1355CA4625A19E1C008664D5 /* zh-Hans */ = {isa = PBXFileReference; lastKnownFileType = text.plist.strings; name = "zh-Hans"; path = "zh-Hans.lproj/Localizable.strings"; sourceTree = "<group>"; };
		13864FA925A1D72E008FF26F /* UIImage+ToastGIF.h */ = {isa = PBXFileReference; fileEncoding = 4; lastKnownFileType = sourcecode.c.h; path = "UIImage+ToastGIF.h"; sourceTree = "<group>"; };
		13864FAA25A1D72E008FF26F /* UIImage+ToastGIF.m */ = {isa = PBXFileReference; fileEncoding = 4; lastKnownFileType = sourcecode.c.objc; path = "UIImage+ToastGIF.m"; sourceTree = "<group>"; };
		13864FBA25A1D82F008FF26F /* loading.gif */ = {isa = PBXFileReference; lastKnownFileType = image.gif; path = loading.gif; sourceTree = "<group>"; };
		13F3FB6525A1ED7C00A0D5EE /* XHTableView.h */ = {isa = PBXFileReference; lastKnownFileType = sourcecode.c.h; path = XHTableView.h; sourceTree = "<group>"; };
		13F3FB6625A1ED7C00A0D5EE /* XHTableView.m */ = {isa = PBXFileReference; lastKnownFileType = sourcecode.c.objc; path = XHTableView.m; sourceTree = "<group>"; };
		1B017AA940B50DF571D45516 /* Pods-GeneralApp.debug.xcconfig */ = {isa = PBXFileReference; includeInIndex = 1; lastKnownFileType = text.xcconfig; name = "Pods-GeneralApp.debug.xcconfig"; path = "Target Support Files/Pods-GeneralApp/Pods-GeneralApp.debug.xcconfig"; sourceTree = "<group>"; };
		6DF7AF3F5A40A3403E78FA08 /* Pods_GeneralApp.framework */ = {isa = PBXFileReference; explicitFileType = wrapper.framework; includeInIndex = 0; path = Pods_GeneralApp.framework; sourceTree = BUILT_PRODUCTS_DIR; };
		74D276F1BDC4B7949A07AD36 /* Pods-GeneralApp.release.xcconfig */ = {isa = PBXFileReference; includeInIndex = 1; lastKnownFileType = text.xcconfig; name = "Pods-GeneralApp.release.xcconfig"; path = "Target Support Files/Pods-GeneralApp/Pods-GeneralApp.release.xcconfig"; sourceTree = "<group>"; };
		C00A6725259D6803006BBE55 /* GeneralApp.app */ = {isa = PBXFileReference; explicitFileType = wrapper.application; includeInIndex = 0; path = GeneralApp.app; sourceTree = BUILT_PRODUCTS_DIR; };
		C00A6728259D6803006BBE55 /* AppDelegate.h */ = {isa = PBXFileReference; lastKnownFileType = sourcecode.c.h; path = AppDelegate.h; sourceTree = "<group>"; };
		C00A6729259D6803006BBE55 /* AppDelegate.m */ = {isa = PBXFileReference; lastKnownFileType = sourcecode.c.objc; path = AppDelegate.m; sourceTree = "<group>"; };
		C00A6732259D6803006BBE55 /* Base */ = {isa = PBXFileReference; lastKnownFileType = file.storyboard; name = Base; path = Base.lproj/Main.storyboard; sourceTree = "<group>"; };
		C00A6734259D6804006BBE55 /* Assets.xcassets */ = {isa = PBXFileReference; lastKnownFileType = folder.assetcatalog; path = Assets.xcassets; sourceTree = "<group>"; };
		C00A6737259D6804006BBE55 /* Base */ = {isa = PBXFileReference; lastKnownFileType = file.storyboard; name = Base; path = Base.lproj/LaunchScreen.storyboard; sourceTree = "<group>"; };
		C00A6739259D6804006BBE55 /* Info.plist */ = {isa = PBXFileReference; lastKnownFileType = text.plist.xml; path = Info.plist; sourceTree = "<group>"; };
		C00A673A259D6804006BBE55 /* main.m */ = {isa = PBXFileReference; lastKnownFileType = sourcecode.c.objc; path = main.m; sourceTree = "<group>"; };
		C00A6740259D6805006BBE55 /* GeneralAppTests.xctest */ = {isa = PBXFileReference; explicitFileType = wrapper.cfbundle; includeInIndex = 0; path = GeneralAppTests.xctest; sourceTree = BUILT_PRODUCTS_DIR; };
		C00A6744259D6805006BBE55 /* GeneralAppTests.m */ = {isa = PBXFileReference; lastKnownFileType = sourcecode.c.objc; path = GeneralAppTests.m; sourceTree = "<group>"; };
		C00A6746259D6805006BBE55 /* Info.plist */ = {isa = PBXFileReference; lastKnownFileType = text.plist.xml; path = Info.plist; sourceTree = "<group>"; };
		C00A674B259D6805006BBE55 /* GeneralAppUITests.xctest */ = {isa = PBXFileReference; explicitFileType = wrapper.cfbundle; includeInIndex = 0; path = GeneralAppUITests.xctest; sourceTree = BUILT_PRODUCTS_DIR; };
		C00A674F259D6805006BBE55 /* GeneralAppUITests.m */ = {isa = PBXFileReference; lastKnownFileType = sourcecode.c.objc; path = GeneralAppUITests.m; sourceTree = "<group>"; };
		C00A6751259D6805006BBE55 /* Info.plist */ = {isa = PBXFileReference; lastKnownFileType = text.plist.xml; path = Info.plist; sourceTree = "<group>"; };
		C00A6777259D6EBE006BBE55 /* AppHeader.h */ = {isa = PBXFileReference; lastKnownFileType = sourcecode.c.h; path = AppHeader.h; sourceTree = "<group>"; };
		C00A6778259D6F19006BBE55 /* General.pch */ = {isa = PBXFileReference; lastKnownFileType = sourcecode.c.h; path = General.pch; sourceTree = "<group>"; };
		C00A678A259D7B91006BBE55 /* CacheConstant.h */ = {isa = PBXFileReference; lastKnownFileType = sourcecode.c.h; path = CacheConstant.h; sourceTree = "<group>"; };
		C00A678B259D7C08006BBE55 /* XHNetWork.h */ = {isa = PBXFileReference; lastKnownFileType = sourcecode.c.h; path = XHNetWork.h; sourceTree = "<group>"; };
		C00A678C259D7C08006BBE55 /* XHNetWork.m */ = {isa = PBXFileReference; lastKnownFileType = sourcecode.c.objc; path = XHNetWork.m; sourceTree = "<group>"; };
		C00A6791259D7C3A006BBE55 /* XHCacheTool.h */ = {isa = PBXFileReference; lastKnownFileType = sourcecode.c.h; path = XHCacheTool.h; sourceTree = "<group>"; };
		C00A6792259D7C3A006BBE55 /* XHCacheTool.m */ = {isa = PBXFileReference; lastKnownFileType = sourcecode.c.objc; path = XHCacheTool.m; sourceTree = "<group>"; };
		C00A6797259DAD8D006BBE55 /* XHFileData.h */ = {isa = PBXFileReference; lastKnownFileType = sourcecode.c.h; path = XHFileData.h; sourceTree = "<group>"; };
		C00A6798259DAD8D006BBE55 /* XHFileData.m */ = {isa = PBXFileReference; lastKnownFileType = sourcecode.c.objc; path = XHFileData.m; sourceTree = "<group>"; };
		C00A679D259DB3C0006BBE55 /* ApiManager.h */ = {isa = PBXFileReference; lastKnownFileType = sourcecode.c.h; path = ApiManager.h; sourceTree = "<group>"; };
		C00A679E259DB3C0006BBE55 /* ApiManager.m */ = {isa = PBXFileReference; lastKnownFileType = sourcecode.c.objc; path = ApiManager.m; sourceTree = "<group>"; };
		C00A67B1259DC7A5006BBE55 /* HomePageVC.h */ = {isa = PBXFileReference; lastKnownFileType = sourcecode.c.h; path = HomePageVC.h; sourceTree = "<group>"; };
		C00A67B2259DC7A5006BBE55 /* HomePageVC.m */ = {isa = PBXFileReference; lastKnownFileType = sourcecode.c.objc; path = HomePageVC.m; sourceTree = "<group>"; };
		C00A67BD259DD622006BBE55 /* ProgressHUD.h */ = {isa = PBXFileReference; fileEncoding = 4; lastKnownFileType = sourcecode.c.h; path = ProgressHUD.h; sourceTree = "<group>"; };
		C00A67BE259DD622006BBE55 /* ProgressHUD.m */ = {isa = PBXFileReference; fileEncoding = 4; lastKnownFileType = sourcecode.c.objc; path = ProgressHUD.m; sourceTree = "<group>"; };
/* End PBXFileReference section */

/* Begin PBXFrameworksBuildPhase section */
		C00A6722259D6803006BBE55 /* Frameworks */ = {
			isa = PBXFrameworksBuildPhase;
			buildActionMask = 2147483647;
			files = (
				3A515D2CE78A449586297AAF /* Pods_GeneralApp.framework in Frameworks */,
			);
			runOnlyForDeploymentPostprocessing = 0;
		};
		C00A673D259D6805006BBE55 /* Frameworks */ = {
			isa = PBXFrameworksBuildPhase;
			buildActionMask = 2147483647;
			files = (
			);
			runOnlyForDeploymentPostprocessing = 0;
		};
		C00A6748259D6805006BBE55 /* Frameworks */ = {
			isa = PBXFrameworksBuildPhase;
			buildActionMask = 2147483647;
			files = (
			);
			runOnlyForDeploymentPostprocessing = 0;
		};
/* End PBXFrameworksBuildPhase section */

/* Begin PBXGroup section */
		1355CA0425A04BA8008664D5 /* Base */ = {
			isa = PBXGroup;
			children = (
				1355CA0525A04BD2008664D5 /* BaseController.h */,
				1355CA0625A04BD2008664D5 /* BaseController.m */,
			);
			path = Base;
			sourceTree = "<group>";
		};
		1355CA0E25A04C8B008664D5 /* XHErrorView */ = {
			isa = PBXGroup;
			children = (
				1355CA0F25A04D0D008664D5 /* XHErrorView.h */,
				1355CA1025A04D0D008664D5 /* XHErrorView.m */,
				1355CA1825A04D1F008664D5 /* XHErrorView.xib */,
			);
			path = XHErrorView;
			sourceTree = "<group>";
		};
		1355CA2025A18F37008664D5 /* XHKit */ = {
			isa = PBXGroup;
			children = (
				1355CA3225A19084008664D5 /* XHKit.h */,
				1355CA2B25A19013008664D5 /* XHTextConst */,
				1355CA2125A18F48008664D5 /* XHColor */,
				1355CA0E25A04C8B008664D5 /* XHErrorView */,
				13F3FB6425A1EBFE00A0D5EE /* XHTableView */,
			);
			path = XHKit;
			sourceTree = "<group>";
		};
		1355CA2125A18F48008664D5 /* XHColor */ = {
			isa = PBXGroup;
			children = (
				1355CA2325A18FAB008664D5 /* UIColor+Category.h */,
				1355CA2525A18FAB008664D5 /* UIColor+Category.m */,
				1355CA2225A18FAB008664D5 /* XHColor.h */,
				1355CA2425A18FAB008664D5 /* XHColor.m */,
			);
			path = XHColor;
			sourceTree = "<group>";
		};
		1355CA2B25A19013008664D5 /* XHTextConst */ = {
			isa = PBXGroup;
			children = (
				1355CA2C25A1902B008664D5 /* XHTextConst.h */,
				1355CA2D25A1902B008664D5 /* XHTextConst.m */,
			);
			path = XHTextConst;
			sourceTree = "<group>";
		};
		13864FA025A1D690008FF26F /* Resource */ = {
			isa = PBXGroup;
			children = (
				13864FBA25A1D82F008FF26F /* loading.gif */,
			);
			path = Resource;
			sourceTree = "<group>";
		};
		13F3FB6425A1EBFE00A0D5EE /* XHTableView */ = {
			isa = PBXGroup;
			children = (
				13F3FB6525A1ED7C00A0D5EE /* XHTableView.h */,
				13F3FB6625A1ED7C00A0D5EE /* XHTableView.m */,
			);
			path = XHTableView;
			sourceTree = "<group>";
		};
		7D99040864C2BEB9FADF328B /* Pods */ = {
			isa = PBXGroup;
			children = (
				1B017AA940B50DF571D45516 /* Pods-GeneralApp.debug.xcconfig */,
				74D276F1BDC4B7949A07AD36 /* Pods-GeneralApp.release.xcconfig */,
			);
			path = Pods;
			sourceTree = "<group>";
		};
		805BD69BAB467FDB9897D584 /* Frameworks */ = {
			isa = PBXGroup;
			children = (
				6DF7AF3F5A40A3403E78FA08 /* Pods_GeneralApp.framework */,
			);
			name = Frameworks;
			sourceTree = "<group>";
		};
		C00A671C259D6803006BBE55 = {
			isa = PBXGroup;
			children = (
				C00A6727259D6803006BBE55 /* GeneralApp */,
				C00A6743259D6805006BBE55 /* GeneralAppTests */,
				C00A674E259D6805006BBE55 /* GeneralAppUITests */,
				C00A6726259D6803006BBE55 /* Products */,
				7D99040864C2BEB9FADF328B /* Pods */,
				805BD69BAB467FDB9897D584 /* Frameworks */,
			);
			sourceTree = "<group>";
		};
		C00A6726259D6803006BBE55 /* Products */ = {
			isa = PBXGroup;
			children = (
				C00A6725259D6803006BBE55 /* GeneralApp.app */,
				C00A6740259D6805006BBE55 /* GeneralAppTests.xctest */,
				C00A674B259D6805006BBE55 /* GeneralAppUITests.xctest */,
			);
			name = Products;
			sourceTree = "<group>";
		};
		C00A6727259D6803006BBE55 /* GeneralApp */ = {
			isa = PBXGroup;
			children = (
				13864FA025A1D690008FF26F /* Resource */,
				C00A67B0259DC787006BBE55 /* Main */,
				C00A6787259D79CD006BBE55 /* ServerApi */,
				C00A6786259D7921006BBE55 /* Utils */,
				C00A6776259D6CCE006BBE55 /* Header */,
				C00A6728259D6803006BBE55 /* AppDelegate.h */,
				C00A6729259D6803006BBE55 /* AppDelegate.m */,
				C00A6731259D6803006BBE55 /* Main.storyboard */,
				C00A6734259D6804006BBE55 /* Assets.xcassets */,
				C00A6736259D6804006BBE55 /* LaunchScreen.storyboard */,
				C00A6739259D6804006BBE55 /* Info.plist */,
				C00A673A259D6804006BBE55 /* main.m */,
				1355CA4525A19E15008664D5 /* Localizable.strings */,
			);
			path = GeneralApp;
			sourceTree = "<group>";
		};
		C00A6743259D6805006BBE55 /* GeneralAppTests */ = {
			isa = PBXGroup;
			children = (
				C00A6744259D6805006BBE55 /* GeneralAppTests.m */,
				C00A6746259D6805006BBE55 /* Info.plist */,
			);
			path = GeneralAppTests;
			sourceTree = "<group>";
		};
		C00A674E259D6805006BBE55 /* GeneralAppUITests */ = {
			isa = PBXGroup;
			children = (
				C00A674F259D6805006BBE55 /* GeneralAppUITests.m */,
				C00A6751259D6805006BBE55 /* Info.plist */,
			);
			path = GeneralAppUITests;
			sourceTree = "<group>";
		};
		C00A6776259D6CCE006BBE55 /* Header */ = {
			isa = PBXGroup;
			children = (
				C00A6778259D6F19006BBE55 /* General.pch */,
				C00A6777259D6EBE006BBE55 /* AppHeader.h */,
			);
			path = Header;
			sourceTree = "<group>";
		};
		C00A6786259D7921006BBE55 /* Utils */ = {
			isa = PBXGroup;
			children = (
				1355CA0425A04BA8008664D5 /* Base */,
				1355CA2025A18F37008664D5 /* XHKit */,
				C00A67BC259DD622006BBE55 /* ProgressHUD */,
			);
			path = Utils;
			sourceTree = "<group>";
		};
		C00A6787259D79CD006BBE55 /* ServerApi */ = {
			isa = PBXGroup;
			children = (
				C00A6789259D7A5B006BBE55 /* ApiManager */,
				C00A6788259D7A18006BBE55 /* NetRequest */,
			);
			path = ServerApi;
			sourceTree = "<group>";
		};
		C00A6788259D7A18006BBE55 /* NetRequest */ = {
			isa = PBXGroup;
			children = (
				C00A678A259D7B91006BBE55 /* CacheConstant.h */,
				C00A6791259D7C3A006BBE55 /* XHCacheTool.h */,
				C00A6792259D7C3A006BBE55 /* XHCacheTool.m */,
				C00A678B259D7C08006BBE55 /* XHNetWork.h */,
				C00A678C259D7C08006BBE55 /* XHNetWork.m */,
				C00A6797259DAD8D006BBE55 /* XHFileData.h */,
				C00A6798259DAD8D006BBE55 /* XHFileData.m */,
			);
			path = NetRequest;
			sourceTree = "<group>";
		};
		C00A6789259D7A5B006BBE55 /* ApiManager */ = {
			isa = PBXGroup;
			children = (
				C00A679D259DB3C0006BBE55 /* ApiManager.h */,
				C00A679E259DB3C0006BBE55 /* ApiManager.m */,
			);
			path = ApiManager;
			sourceTree = "<group>";
		};
		C00A67B0259DC787006BBE55 /* Main */ = {
			isa = PBXGroup;
			children = (
				C00A67B1259DC7A5006BBE55 /* HomePageVC.h */,
				C00A67B2259DC7A5006BBE55 /* HomePageVC.m */,
			);
			path = Main;
			sourceTree = "<group>";
		};
		C00A67BC259DD622006BBE55 /* ProgressHUD */ = {
			isa = PBXGroup;
			children = (
				13864FA925A1D72E008FF26F /* UIImage+ToastGIF.h */,
				13864FAA25A1D72E008FF26F /* UIImage+ToastGIF.m */,
				C00A67BD259DD622006BBE55 /* ProgressHUD.h */,
				C00A67BE259DD622006BBE55 /* ProgressHUD.m */,
			);
			path = ProgressHUD;
			sourceTree = "<group>";
		};
/* End PBXGroup section */

/* Begin PBXNativeTarget section */
		C00A6724259D6803006BBE55 /* GeneralApp */ = {
			isa = PBXNativeTarget;
			buildConfigurationList = C00A6754259D6805006BBE55 /* Build configuration list for PBXNativeTarget "GeneralApp" */;
			buildPhases = (
				49059C305C5939FD2BD826B5 /* [CP] Check Pods Manifest.lock */,
				C00A6721259D6803006BBE55 /* Sources */,
				C00A6722259D6803006BBE55 /* Frameworks */,
				C00A6723259D6803006BBE55 /* Resources */,
				5ACDA7645B2C0CDA4B3F4C4E /* [CP] Embed Pods Frameworks */,
			);
			buildRules = (
			);
			dependencies = (
			);
			name = GeneralApp;
			productName = GeneralApp;
			productReference = C00A6725259D6803006BBE55 /* GeneralApp.app */;
			productType = "com.apple.product-type.application";
		};
		C00A673F259D6805006BBE55 /* GeneralAppTests */ = {
			isa = PBXNativeTarget;
			buildConfigurationList = C00A6757259D6805006BBE55 /* Build configuration list for PBXNativeTarget "GeneralAppTests" */;
			buildPhases = (
				C00A673C259D6805006BBE55 /* Sources */,
				C00A673D259D6805006BBE55 /* Frameworks */,
				C00A673E259D6805006BBE55 /* Resources */,
			);
			buildRules = (
			);
			dependencies = (
				C00A6742259D6805006BBE55 /* PBXTargetDependency */,
			);
			name = GeneralAppTests;
			productName = GeneralAppTests;
			productReference = C00A6740259D6805006BBE55 /* GeneralAppTests.xctest */;
			productType = "com.apple.product-type.bundle.unit-test";
		};
		C00A674A259D6805006BBE55 /* GeneralAppUITests */ = {
			isa = PBXNativeTarget;
			buildConfigurationList = C00A675A259D6805006BBE55 /* Build configuration list for PBXNativeTarget "GeneralAppUITests" */;
			buildPhases = (
				C00A6747259D6805006BBE55 /* Sources */,
				C00A6748259D6805006BBE55 /* Frameworks */,
				C00A6749259D6805006BBE55 /* Resources */,
			);
			buildRules = (
			);
			dependencies = (
				C00A674D259D6805006BBE55 /* PBXTargetDependency */,
			);
			name = GeneralAppUITests;
			productName = GeneralAppUITests;
			productReference = C00A674B259D6805006BBE55 /* GeneralAppUITests.xctest */;
			productType = "com.apple.product-type.bundle.ui-testing";
		};
/* End PBXNativeTarget section */

/* Begin PBXProject section */
		C00A671D259D6803006BBE55 /* Project object */ = {
			isa = PBXProject;
			attributes = {
				LastUpgradeCheck = 1230;
				TargetAttributes = {
					C00A6724259D6803006BBE55 = {
						CreatedOnToolsVersion = 12.3;
					};
					C00A673F259D6805006BBE55 = {
						CreatedOnToolsVersion = 12.3;
						TestTargetID = C00A6724259D6803006BBE55;
					};
					C00A674A259D6805006BBE55 = {
						CreatedOnToolsVersion = 12.3;
						TestTargetID = C00A6724259D6803006BBE55;
					};
				};
			};
			buildConfigurationList = C00A6720259D6803006BBE55 /* Build configuration list for PBXProject "GeneralApp" */;
			compatibilityVersion = "Xcode 9.3";
			developmentRegion = en;
			hasScannedForEncodings = 0;
			knownRegions = (
				en,
				Base,
				"zh-Hans",
			);
			mainGroup = C00A671C259D6803006BBE55;
			productRefGroup = C00A6726259D6803006BBE55 /* Products */;
			projectDirPath = "";
			projectRoot = "";
			targets = (
				C00A6724259D6803006BBE55 /* GeneralApp */,
				C00A673F259D6805006BBE55 /* GeneralAppTests */,
				C00A674A259D6805006BBE55 /* GeneralAppUITests */,
			);
		};
/* End PBXProject section */

/* Begin PBXResourcesBuildPhase section */
		C00A6723259D6803006BBE55 /* Resources */ = {
			isa = PBXResourcesBuildPhase;
			buildActionMask = 2147483647;
			files = (
				1355CA4325A19E15008664D5 /* Localizable.strings in Resources */,
				C00A6738259D6804006BBE55 /* LaunchScreen.storyboard in Resources */,
				1355CA1925A04D1F008664D5 /* XHErrorView.xib in Resources */,
				13864FBB25A1D82F008FF26F /* loading.gif in Resources */,
				C00A6735259D6804006BBE55 /* Assets.xcassets in Resources */,
				C00A6733259D6803006BBE55 /* Main.storyboard in Resources */,
			);
			runOnlyForDeploymentPostprocessing = 0;
		};
		C00A673E259D6805006BBE55 /* Resources */ = {
			isa = PBXResourcesBuildPhase;
			buildActionMask = 2147483647;
			files = (
			);
			runOnlyForDeploymentPostprocessing = 0;
		};
		C00A6749259D6805006BBE55 /* Resources */ = {
			isa = PBXResourcesBuildPhase;
			buildActionMask = 2147483647;
			files = (
			);
			runOnlyForDeploymentPostprocessing = 0;
		};
/* End PBXResourcesBuildPhase section */

/* Begin PBXShellScriptBuildPhase section */
		49059C305C5939FD2BD826B5 /* [CP] Check Pods Manifest.lock */ = {
			isa = PBXShellScriptBuildPhase;
			buildActionMask = 2147483647;
			files = (
			);
			inputFileListPaths = (
			);
			inputPaths = (
				"${PODS_PODFILE_DIR_PATH}/Podfile.lock",
				"${PODS_ROOT}/Manifest.lock",
			);
			name = "[CP] Check Pods Manifest.lock";
			outputFileListPaths = (
			);
			outputPaths = (
				"$(DERIVED_FILE_DIR)/Pods-GeneralApp-checkManifestLockResult.txt",
			);
			runOnlyForDeploymentPostprocessing = 0;
			shellPath = /bin/sh;
			shellScript = "diff \"${PODS_PODFILE_DIR_PATH}/Podfile.lock\" \"${PODS_ROOT}/Manifest.lock\" > /dev/null\nif [ $? != 0 ] ; then\n    # print error to STDERR\n    echo \"error: The sandbox is not in sync with the Podfile.lock. Run 'pod install' or update your CocoaPods installation.\" >&2\n    exit 1\nfi\n# This output is used by Xcode 'outputs' to avoid re-running this script phase.\necho \"SUCCESS\" > \"${SCRIPT_OUTPUT_FILE_0}\"\n";
			showEnvVarsInLog = 0;
		};
		5ACDA7645B2C0CDA4B3F4C4E /* [CP] Embed Pods Frameworks */ = {
			isa = PBXShellScriptBuildPhase;
			buildActionMask = 2147483647;
			files = (
			);
			inputFileListPaths = (
				"${PODS_ROOT}/Target Support Files/Pods-GeneralApp/Pods-GeneralApp-frameworks-${CONFIGURATION}-input-files.xcfilelist",
			);
			name = "[CP] Embed Pods Frameworks";
			outputFileListPaths = (
				"${PODS_ROOT}/Target Support Files/Pods-GeneralApp/Pods-GeneralApp-frameworks-${CONFIGURATION}-output-files.xcfilelist",
			);
			runOnlyForDeploymentPostprocessing = 0;
			shellPath = /bin/sh;
			shellScript = "\"${PODS_ROOT}/Target Support Files/Pods-GeneralApp/Pods-GeneralApp-frameworks.sh\"\n";
			showEnvVarsInLog = 0;
		};
/* End PBXShellScriptBuildPhase section */

/* Begin PBXSourcesBuildPhase section */
		C00A6721259D6803006BBE55 /* Sources */ = {
			isa = PBXSourcesBuildPhase;
			buildActionMask = 2147483647;
			files = (
				C00A672A259D6803006BBE55 /* AppDelegate.m in Sources */,
				1355CA2625A18FAB008664D5 /* XHColor.m in Sources */,
				1355CA0725A04BD2008664D5 /* BaseController.m in Sources */,
				C00A678D259D7C08006BBE55 /* XHNetWork.m in Sources */,
				C00A679F259DB3C0006BBE55 /* ApiManager.m in Sources */,
				C00A6793259D7C3A006BBE55 /* XHCacheTool.m in Sources */,
				1355CA2E25A1902B008664D5 /* XHTextConst.m in Sources */,
				1355CA1125A04D0D008664D5 /* XHErrorView.m in Sources */,
				C00A67B3259DC7A5006BBE55 /* HomePageVC.m in Sources */,
				C00A673B259D6804006BBE55 /* main.m in Sources */,
				C00A67BF259DD622006BBE55 /* ProgressHUD.m in Sources */,
				C00A6799259DAD8D006BBE55 /* XHFileData.m in Sources */,
				13F3FB6725A1ED7C00A0D5EE /* XHTableView.m in Sources */,
				13864FAB25A1D72E008FF26F /* UIImage+ToastGIF.m in Sources */,
				1355CA2725A18FAB008664D5 /* UIColor+Category.m in Sources */,
			);
			runOnlyForDeploymentPostprocessing = 0;
		};
		C00A673C259D6805006BBE55 /* Sources */ = {
			isa = PBXSourcesBuildPhase;
			buildActionMask = 2147483647;
			files = (
				C00A6745259D6805006BBE55 /* GeneralAppTests.m in Sources */,
			);
			runOnlyForDeploymentPostprocessing = 0;
		};
		C00A6747259D6805006BBE55 /* Sources */ = {
			isa = PBXSourcesBuildPhase;
			buildActionMask = 2147483647;
			files = (
				C00A6750259D6805006BBE55 /* GeneralAppUITests.m in Sources */,
			);
			runOnlyForDeploymentPostprocessing = 0;
		};
/* End PBXSourcesBuildPhase section */

/* Begin PBXTargetDependency section */
		C00A6742259D6805006BBE55 /* PBXTargetDependency */ = {
			isa = PBXTargetDependency;
			target = C00A6724259D6803006BBE55 /* GeneralApp */;
			targetProxy = C00A6741259D6805006BBE55 /* PBXContainerItemProxy */;
		};
		C00A674D259D6805006BBE55 /* PBXTargetDependency */ = {
			isa = PBXTargetDependency;
			target = C00A6724259D6803006BBE55 /* GeneralApp */;
			targetProxy = C00A674C259D6805006BBE55 /* PBXContainerItemProxy */;
		};
/* End PBXTargetDependency section */

/* Begin PBXVariantGroup section */
		1355CA4525A19E15008664D5 /* Localizable.strings */ = {
			isa = PBXVariantGroup;
			children = (
				1355CA4425A19E15008664D5 /* en */,
				1355CA4625A19E1C008664D5 /* zh-Hans */,
			);
			name = Localizable.strings;
			sourceTree = "<group>";
		};
		C00A6731259D6803006BBE55 /* Main.storyboard */ = {
			isa = PBXVariantGroup;
			children = (
				C00A6732259D6803006BBE55 /* Base */,
				1355CA3625A19CC6008664D5 /* zh-Hans */,
			);
			name = Main.storyboard;
			sourceTree = "<group>";
		};
		C00A6736259D6804006BBE55 /* LaunchScreen.storyboard */ = {
			isa = PBXVariantGroup;
			children = (
				C00A6737259D6804006BBE55 /* Base */,
				1355CA3A25A19CC6008664D5 /* zh-Hans */,
			);
			name = LaunchScreen.storyboard;
			sourceTree = "<group>";
		};
/* End PBXVariantGroup section */

/* Begin XCBuildConfiguration section */
		C00A6752259D6805006BBE55 /* Debug */ = {
			isa = XCBuildConfiguration;
			buildSettings = {
				ALWAYS_SEARCH_USER_PATHS = NO;
				CLANG_ANALYZER_LOCALIZABILITY_NONLOCALIZED = YES;
				CLANG_ANALYZER_NONNULL = YES;
				CLANG_ANALYZER_NUMBER_OBJECT_CONVERSION = YES_AGGRESSIVE;
				CLANG_CXX_LANGUAGE_STANDARD = "gnu++14";
				CLANG_CXX_LIBRARY = "libc++";
				CLANG_ENABLE_MODULES = YES;
				CLANG_ENABLE_OBJC_ARC = YES;
				CLANG_ENABLE_OBJC_WEAK = YES;
				CLANG_WARN_BLOCK_CAPTURE_AUTORELEASING = YES;
				CLANG_WARN_BOOL_CONVERSION = YES;
				CLANG_WARN_COMMA = YES;
				CLANG_WARN_CONSTANT_CONVERSION = YES;
				CLANG_WARN_DEPRECATED_OBJC_IMPLEMENTATIONS = YES;
				CLANG_WARN_DIRECT_OBJC_ISA_USAGE = YES_ERROR;
				CLANG_WARN_DOCUMENTATION_COMMENTS = YES;
				CLANG_WARN_EMPTY_BODY = YES;
				CLANG_WARN_ENUM_CONVERSION = YES;
				CLANG_WARN_INFINITE_RECURSION = YES;
				CLANG_WARN_INT_CONVERSION = YES;
				CLANG_WARN_NON_LITERAL_NULL_CONVERSION = YES;
				CLANG_WARN_OBJC_IMPLICIT_RETAIN_SELF = YES;
				CLANG_WARN_OBJC_LITERAL_CONVERSION = YES;
				CLANG_WARN_OBJC_ROOT_CLASS = YES_ERROR;
				CLANG_WARN_QUOTED_INCLUDE_IN_FRAMEWORK_HEADER = YES;
				CLANG_WARN_RANGE_LOOP_ANALYSIS = YES;
				CLANG_WARN_STRICT_PROTOTYPES = YES;
				CLANG_WARN_SUSPICIOUS_MOVE = YES;
				CLANG_WARN_UNGUARDED_AVAILABILITY = YES_AGGRESSIVE;
				CLANG_WARN_UNREACHABLE_CODE = YES;
				CLANG_WARN__DUPLICATE_METHOD_MATCH = YES;
				COPY_PHASE_STRIP = NO;
				DEBUG_INFORMATION_FORMAT = dwarf;
				ENABLE_STRICT_OBJC_MSGSEND = YES;
				ENABLE_TESTABILITY = YES;
				GCC_C_LANGUAGE_STANDARD = gnu11;
				GCC_DYNAMIC_NO_PIC = NO;
				GCC_NO_COMMON_BLOCKS = YES;
				GCC_OPTIMIZATION_LEVEL = 0;
				GCC_PREPROCESSOR_DEFINITIONS = (
					"DEBUG=1",
					"$(inherited)",
				);
				GCC_WARN_64_TO_32_BIT_CONVERSION = YES;
				GCC_WARN_ABOUT_RETURN_TYPE = YES_ERROR;
				GCC_WARN_UNDECLARED_SELECTOR = YES;
				GCC_WARN_UNINITIALIZED_AUTOS = YES_AGGRESSIVE;
				GCC_WARN_UNUSED_FUNCTION = YES;
				GCC_WARN_UNUSED_VARIABLE = YES;
				IPHONEOS_DEPLOYMENT_TARGET = 14.3;
				MTL_ENABLE_DEBUG_INFO = INCLUDE_SOURCE;
				MTL_FAST_MATH = YES;
				ONLY_ACTIVE_ARCH = YES;
				SDKROOT = iphoneos;
			};
			name = Debug;
		};
		C00A6753259D6805006BBE55 /* Release */ = {
			isa = XCBuildConfiguration;
			buildSettings = {
				ALWAYS_SEARCH_USER_PATHS = NO;
				CLANG_ANALYZER_LOCALIZABILITY_NONLOCALIZED = YES;
				CLANG_ANALYZER_NONNULL = YES;
				CLANG_ANALYZER_NUMBER_OBJECT_CONVERSION = YES_AGGRESSIVE;
				CLANG_CXX_LANGUAGE_STANDARD = "gnu++14";
				CLANG_CXX_LIBRARY = "libc++";
				CLANG_ENABLE_MODULES = YES;
				CLANG_ENABLE_OBJC_ARC = YES;
				CLANG_ENABLE_OBJC_WEAK = YES;
				CLANG_WARN_BLOCK_CAPTURE_AUTORELEASING = YES;
				CLANG_WARN_BOOL_CONVERSION = YES;
				CLANG_WARN_COMMA = YES;
				CLANG_WARN_CONSTANT_CONVERSION = YES;
				CLANG_WARN_DEPRECATED_OBJC_IMPLEMENTATIONS = YES;
				CLANG_WARN_DIRECT_OBJC_ISA_USAGE = YES_ERROR;
				CLANG_WARN_DOCUMENTATION_COMMENTS = YES;
				CLANG_WARN_EMPTY_BODY = YES;
				CLANG_WARN_ENUM_CONVERSION = YES;
				CLANG_WARN_INFINITE_RECURSION = YES;
				CLANG_WARN_INT_CONVERSION = YES;
				CLANG_WARN_NON_LITERAL_NULL_CONVERSION = YES;
				CLANG_WARN_OBJC_IMPLICIT_RETAIN_SELF = YES;
				CLANG_WARN_OBJC_LITERAL_CONVERSION = YES;
				CLANG_WARN_OBJC_ROOT_CLASS = YES_ERROR;
				CLANG_WARN_QUOTED_INCLUDE_IN_FRAMEWORK_HEADER = YES;
				CLANG_WARN_RANGE_LOOP_ANALYSIS = YES;
				CLANG_WARN_STRICT_PROTOTYPES = YES;
				CLANG_WARN_SUSPICIOUS_MOVE = YES;
				CLANG_WARN_UNGUARDED_AVAILABILITY = YES_AGGRESSIVE;
				CLANG_WARN_UNREACHABLE_CODE = YES;
				CLANG_WARN__DUPLICATE_METHOD_MATCH = YES;
				COPY_PHASE_STRIP = NO;
				DEBUG_INFORMATION_FORMAT = "dwarf-with-dsym";
				ENABLE_NS_ASSERTIONS = NO;
				ENABLE_STRICT_OBJC_MSGSEND = YES;
				GCC_C_LANGUAGE_STANDARD = gnu11;
				GCC_NO_COMMON_BLOCKS = YES;
				GCC_WARN_64_TO_32_BIT_CONVERSION = YES;
				GCC_WARN_ABOUT_RETURN_TYPE = YES_ERROR;
				GCC_WARN_UNDECLARED_SELECTOR = YES;
				GCC_WARN_UNINITIALIZED_AUTOS = YES_AGGRESSIVE;
				GCC_WARN_UNUSED_FUNCTION = YES;
				GCC_WARN_UNUSED_VARIABLE = YES;
				IPHONEOS_DEPLOYMENT_TARGET = 14.3;
				MTL_ENABLE_DEBUG_INFO = NO;
				MTL_FAST_MATH = YES;
				SDKROOT = iphoneos;
				VALIDATE_PRODUCT = YES;
			};
			name = Release;
		};
		C00A6755259D6805006BBE55 /* Debug */ = {
			isa = XCBuildConfiguration;
			baseConfigurationReference = 1B017AA940B50DF571D45516 /* Pods-GeneralApp.debug.xcconfig */;
			buildSettings = {
				ASSETCATALOG_COMPILER_APPICON_NAME = AppIcon;
				ASSETCATALOG_COMPILER_GLOBAL_ACCENT_COLOR_NAME = AccentColor;
				CODE_SIGN_STYLE = Automatic;
				DEVELOPMENT_TEAM = QKJ3MKF796;
				GCC_PREFIX_HEADER = $SRCROOT/GeneralApp/Header/General.pch;
				INFOPLIST_FILE = GeneralApp/Info.plist;
				IPHONEOS_DEPLOYMENT_TARGET = 11.0;
				LD_RUNPATH_SEARCH_PATHS = (
					"$(inherited)",
					"@executable_path/Frameworks",
				);
				PRODUCT_BUNDLE_IDENTIFIER = com.zkworld.GeneralApp;
				PRODUCT_NAME = "$(TARGET_NAME)";
				TARGETED_DEVICE_FAMILY = "1,2";
			};
			name = Debug;
		};
		C00A6756259D6805006BBE55 /* Release */ = {
			isa = XCBuildConfiguration;
			baseConfigurationReference = 74D276F1BDC4B7949A07AD36 /* Pods-GeneralApp.release.xcconfig */;
			buildSettings = {
				ASSETCATALOG_COMPILER_APPICON_NAME = AppIcon;
				ASSETCATALOG_COMPILER_GLOBAL_ACCENT_COLOR_NAME = AccentColor;
				CODE_SIGN_STYLE = Automatic;
				DEVELOPMENT_TEAM = QKJ3MKF796;
				GCC_PREFIX_HEADER = $SRCROOT/GeneralApp/Header/General.pch;
				INFOPLIST_FILE = GeneralApp/Info.plist;
				IPHONEOS_DEPLOYMENT_TARGET = 11.0;
				LD_RUNPATH_SEARCH_PATHS = (
					"$(inherited)",
					"@executable_path/Frameworks",
				);
				PRODUCT_BUNDLE_IDENTIFIER = com.zkworld.GeneralApp;
				PRODUCT_NAME = "$(TARGET_NAME)";
				TARGETED_DEVICE_FAMILY = "1,2";
			};
			name = Release;
		};
		C00A6758259D6805006BBE55 /* Debug */ = {
			isa = XCBuildConfiguration;
			buildSettings = {
				BUNDLE_LOADER = "$(TEST_HOST)";
				CODE_SIGN_STYLE = Automatic;
				INFOPLIST_FILE = GeneralAppTests/Info.plist;
				IPHONEOS_DEPLOYMENT_TARGET = 14.3;
				LD_RUNPATH_SEARCH_PATHS = (
					"$(inherited)",
					"@executable_path/Frameworks",
					"@loader_path/Frameworks",
				);
				PRODUCT_BUNDLE_IDENTIFIER = com.zkworld.GeneralAppTests;
				PRODUCT_NAME = "$(TARGET_NAME)";
				TARGETED_DEVICE_FAMILY = "1,2";
				TEST_HOST = "$(BUILT_PRODUCTS_DIR)/GeneralApp.app/GeneralApp";
			};
			name = Debug;
		};
		C00A6759259D6805006BBE55 /* Release */ = {
			isa = XCBuildConfiguration;
			buildSettings = {
				BUNDLE_LOADER = "$(TEST_HOST)";
				CODE_SIGN_STYLE = Automatic;
				INFOPLIST_FILE = GeneralAppTests/Info.plist;
				IPHONEOS_DEPLOYMENT_TARGET = 14.3;
				LD_RUNPATH_SEARCH_PATHS = (
					"$(inherited)",
					"@executable_path/Frameworks",
					"@loader_path/Frameworks",
				);
				PRODUCT_BUNDLE_IDENTIFIER = com.zkworld.GeneralAppTests;
				PRODUCT_NAME = "$(TARGET_NAME)";
				TARGETED_DEVICE_FAMILY = "1,2";
				TEST_HOST = "$(BUILT_PRODUCTS_DIR)/GeneralApp.app/GeneralApp";
			};
			name = Release;
		};
		C00A675B259D6805006BBE55 /* Debug */ = {
			isa = XCBuildConfiguration;
			buildSettings = {
				CODE_SIGN_STYLE = Automatic;
				INFOPLIST_FILE = GeneralAppUITests/Info.plist;
				LD_RUNPATH_SEARCH_PATHS = (
					"$(inherited)",
					"@executable_path/Frameworks",
					"@loader_path/Frameworks",
				);
				PRODUCT_BUNDLE_IDENTIFIER = com.zkworld.GeneralAppUITests;
				PRODUCT_NAME = "$(TARGET_NAME)";
				TARGETED_DEVICE_FAMILY = "1,2";
				TEST_TARGET_NAME = GeneralApp;
			};
			name = Debug;
		};
		C00A675C259D6805006BBE55 /* Release */ = {
			isa = XCBuildConfiguration;
			buildSettings = {
				CODE_SIGN_STYLE = Automatic;
				INFOPLIST_FILE = GeneralAppUITests/Info.plist;
				LD_RUNPATH_SEARCH_PATHS = (
					"$(inherited)",
					"@executable_path/Frameworks",
					"@loader_path/Frameworks",
				);
				PRODUCT_BUNDLE_IDENTIFIER = com.zkworld.GeneralAppUITests;
				PRODUCT_NAME = "$(TARGET_NAME)";
				TARGETED_DEVICE_FAMILY = "1,2";
				TEST_TARGET_NAME = GeneralApp;
			};
			name = Release;
		};
/* End XCBuildConfiguration section */

/* Begin XCConfigurationList section */
		C00A6720259D6803006BBE55 /* Build configuration list for PBXProject "GeneralApp" */ = {
			isa = XCConfigurationList;
			buildConfigurations = (
				C00A6752259D6805006BBE55 /* Debug */,
				C00A6753259D6805006BBE55 /* Release */,
			);
			defaultConfigurationIsVisible = 0;
			defaultConfigurationName = Release;
		};
		C00A6754259D6805006BBE55 /* Build configuration list for PBXNativeTarget "GeneralApp" */ = {
			isa = XCConfigurationList;
			buildConfigurations = (
				C00A6755259D6805006BBE55 /* Debug */,
				C00A6756259D6805006BBE55 /* Release */,
			);
			defaultConfigurationIsVisible = 0;
			defaultConfigurationName = Release;
		};
		C00A6757259D6805006BBE55 /* Build configuration list for PBXNativeTarget "GeneralAppTests" */ = {
			isa = XCConfigurationList;
			buildConfigurations = (
				C00A6758259D6805006BBE55 /* Debug */,
				C00A6759259D6805006BBE55 /* Release */,
			);
			defaultConfigurationIsVisible = 0;
			defaultConfigurationName = Release;
		};
		C00A675A259D6805006BBE55 /* Build configuration list for PBXNativeTarget "GeneralAppUITests" */ = {
			isa = XCConfigurationList;
			buildConfigurations = (
				C00A675B259D6805006BBE55 /* Debug */,
				C00A675C259D6805006BBE55 /* Release */,
			);
			defaultConfigurationIsVisible = 0;
			defaultConfigurationName = Release;
		};
/* End XCConfigurationList section */
	};
	rootObject = C00A671D259D6803006BBE55 /* Project object */;
}
