// !$*UTF8*$!
{
	archiveVersion = 1;
	classes = {
	};
	objectVersion = 50;
	objects = {

/* Begin PBXBuildFile section */
		1348F9952569F1FA00072CA3 /* AppDelegate.m in Sources */ = {isa = PBXBuildFile; fileRef = 1348F9942569F1FA00072CA3 /* AppDelegate.m */; };
		1348F9982569F1FA00072CA3 /* SceneDelegate.m in Sources */ = {isa = PBXBuildFile; fileRef = 1348F9972569F1FA00072CA3 /* SceneDelegate.m */; };
		1348F99B2569F1FA00072CA3 /* ViewController.m in Sources */ = {isa = PBXBuildFile; fileRef = 1348F99A2569F1FA00072CA3 /* ViewController.m */; };
		1348F99E2569F1FA00072CA3 /* Main.storyboard in Resources */ = {isa = PBXBuildFile; fileRef = 1348F99C2569F1FA00072CA3 /* Main.storyboard */; };
		1348F9A02569F1FC00072CA3 /* Assets.xcassets in Resources */ = {isa = PBXBuildFile; fileRef = 1348F99F2569F1FC00072CA3 /* Assets.xcassets */; };
		1348F9A32569F1FC00072CA3 /* LaunchScreen.storyboard in Resources */ = {isa = PBXBuildFile; fileRef = 1348F9A12569F1FC00072CA3 /* LaunchScreen.storyboard */; };
		1348F9A62569F1FC00072CA3 /* main.m in Sources */ = {isa = PBXBuildFile; fileRef = 1348F9A52569F1FC00072CA3 /* main.m */; };
		1348F9B02569F1FC00072CA3 /* PopoverVCTests.m in Sources */ = {isa = PBXBuildFile; fileRef = 1348F9AF2569F1FC00072CA3 /* PopoverVCTests.m */; };
		1348F9BB2569F1FC00072CA3 /* PopoverVCUITests.m in Sources */ = {isa = PBXBuildFile; fileRef = 1348F9BA2569F1FC00072CA3 /* PopoverVCUITests.m */; };
		1348F9CD2569F26600072CA3 /* MenuVC.m in Sources */ = {isa = PBXBuildFile; fileRef = 1348F9CC2569F26600072CA3 /* MenuVC.m */; };
/* End PBXBuildFile section */

/* Begin PBXContainerItemProxy section */
		1348F9AC2569F1FC00072CA3 /* PBXContainerItemProxy */ = {
			isa = PBXContainerItemProxy;
			containerPortal = 1348F9882569F1FA00072CA3 /* Project object */;
			proxyType = 1;
			remoteGlobalIDString = 1348F98F2569F1FA00072CA3;
			remoteInfo = PopoverVC;
		};
		1348F9B72569F1FC00072CA3 /* PBXContainerItemProxy */ = {
			isa = PBXContainerItemProxy;
			containerPortal = 1348F9882569F1FA00072CA3 /* Project object */;
			proxyType = 1;
			remoteGlobalIDString = 1348F98F2569F1FA00072CA3;
			remoteInfo = PopoverVC;
		};
/* End PBXContainerItemProxy section */

/* Begin PBXFileReference section */
		1348F9902569F1FA00072CA3 /* PopoverVC.app */ = {isa = PBXFileReference; explicitFileType = wrapper.application; includeInIndex = 0; path = PopoverVC.app; sourceTree = BUILT_PRODUCTS_DIR; };
		1348F9932569F1FA00072CA3 /* AppDelegate.h */ = {isa = PBXFileReference; lastKnownFileType = sourcecode.c.h; path = AppDelegate.h; sourceTree = "<group>"; };
		1348F9942569F1FA00072CA3 /* AppDelegate.m */ = {isa = PBXFileReference; lastKnownFileType = sourcecode.c.objc; path = AppDelegate.m; sourceTree = "<group>"; };
		1348F9962569F1FA00072CA3 /* SceneDelegate.h */ = {isa = PBXFileReference; lastKnownFileType = sourcecode.c.h; path = SceneDelegate.h; sourceTree = "<group>"; };
		1348F9972569F1FA00072CA3 /* SceneDelegate.m */ = {isa = PBXFileReference; lastKnownFileType = sourcecode.c.objc; path = SceneDelegate.m; sourceTree = "<group>"; };
		1348F9992569F1FA00072CA3 /* ViewController.h */ = {isa = PBXFileReference; lastKnownFileType = sourcecode.c.h; path = ViewController.h; sourceTree = "<group>"; };
		1348F99A2569F1FA00072CA3 /* ViewController.m */ = {isa = PBXFileReference; lastKnownFileType = sourcecode.c.objc; path = ViewController.m; sourceTree = "<group>"; };
		1348F99D2569F1FA00072CA3 /* Base */ = {isa = PBXFileReference; lastKnownFileType = file.storyboard; name = Base; path = Base.lproj/Main.storyboard; sourceTree = "<group>"; };
		1348F99F2569F1FC00072CA3 /* Assets.xcassets */ = {isa = PBXFileReference; lastKnownFileType = folder.assetcatalog; path = Assets.xcassets; sourceTree = "<group>"; };
		1348F9A22569F1FC00072CA3 /* Base */ = {isa = PBXFileReference; lastKnownFileType = file.storyboard; name = Base; path = Base.lproj/LaunchScreen.storyboard; sourceTree = "<group>"; };
		1348F9A42569F1FC00072CA3 /* Info.plist */ = {isa = PBXFileReference; lastKnownFileType = text.plist.xml; path = Info.plist; sourceTree = "<group>"; };
		1348F9A52569F1FC00072CA3 /* main.m */ = {isa = PBXFileReference; lastKnownFileType = sourcecode.c.objc; path = main.m; sourceTree = "<group>"; };
		1348F9AB2569F1FC00072CA3 /* PopoverVCTests.xctest */ = {isa = PBXFileReference; explicitFileType = wrapper.cfbundle; includeInIndex = 0; path = PopoverVCTests.xctest; sourceTree = BUILT_PRODUCTS_DIR; };
		1348F9AF2569F1FC00072CA3 /* PopoverVCTests.m */ = {isa = PBXFileReference; lastKnownFileType = sourcecode.c.objc; path = PopoverVCTests.m; sourceTree = "<group>"; };
		1348F9B12569F1FC00072CA3 /* Info.plist */ = {isa = PBXFileReference; lastKnownFileType = text.plist.xml; path = Info.plist; sourceTree = "<group>"; };
		1348F9B62569F1FC00072CA3 /* PopoverVCUITests.xctest */ = {isa = PBXFileReference; explicitFileType = wrapper.cfbundle; includeInIndex = 0; path = PopoverVCUITests.xctest; sourceTree = BUILT_PRODUCTS_DIR; };
		1348F9BA2569F1FC00072CA3 /* PopoverVCUITests.m */ = {isa = PBXFileReference; lastKnownFileType = sourcecode.c.objc; path = PopoverVCUITests.m; sourceTree = "<group>"; };
		1348F9BC2569F1FC00072CA3 /* Info.plist */ = {isa = PBXFileReference; lastKnownFileType = text.plist.xml; path = Info.plist; sourceTree = "<group>"; };
		1348F9CB2569F26600072CA3 /* MenuVC.h */ = {isa = PBXFileReference; lastKnownFileType = sourcecode.c.h; path = MenuVC.h; sourceTree = "<group>"; };
		1348F9CC2569F26600072CA3 /* MenuVC.m */ = {isa = PBXFileReference; lastKnownFileType = sourcecode.c.objc; path = MenuVC.m; sourceTree = "<group>"; };
/* End PBXFileReference section */

/* Begin PBXFrameworksBuildPhase section */
		1348F98D2569F1FA00072CA3 /* Frameworks */ = {
			isa = PBXFrameworksBuildPhase;
			buildActionMask = 2147483647;
			files = (
			);
			runOnlyForDeploymentPostprocessing = 0;
		};
		1348F9A82569F1FC00072CA3 /* Frameworks */ = {
			isa = PBXFrameworksBuildPhase;
			buildActionMask = 2147483647;
			files = (
			);
			runOnlyForDeploymentPostprocessing = 0;
		};
		1348F9B32569F1FC00072CA3 /* Frameworks */ = {
			isa = PBXFrameworksBuildPhase;
			buildActionMask = 2147483647;
			files = (
			);
			runOnlyForDeploymentPostprocessing = 0;
		};
/* End PBXFrameworksBuildPhase section */

/* Begin PBXGroup section */
		1348F9872569F1FA00072CA3 = {
			isa = PBXGroup;
			children = (
				1348F9922569F1FA00072CA3 /* PopoverVC */,
				1348F9AE2569F1FC00072CA3 /* PopoverVCTests */,
				1348F9B92569F1FC00072CA3 /* PopoverVCUITests */,
				1348F9912569F1FA00072CA3 /* Products */,
			);
			sourceTree = "<group>";
		};
		1348F9912569F1FA00072CA3 /* Products */ = {
			isa = PBXGroup;
			children = (
				1348F9902569F1FA00072CA3 /* PopoverVC.app */,
				1348F9AB2569F1FC00072CA3 /* PopoverVCTests.xctest */,
				1348F9B62569F1FC00072CA3 /* PopoverVCUITests.xctest */,
			);
			name = Products;
			sourceTree = "<group>";
		};
		1348F9922569F1FA00072CA3 /* PopoverVC */ = {
			isa = PBXGroup;
			children = (
				1348F9932569F1FA00072CA3 /* AppDelegate.h */,
				1348F9942569F1FA00072CA3 /* AppDelegate.m */,
				1348F9962569F1FA00072CA3 /* SceneDelegate.h */,
				1348F9972569F1FA00072CA3 /* SceneDelegate.m */,
				1348F9992569F1FA00072CA3 /* ViewController.h */,
				1348F99A2569F1FA00072CA3 /* ViewController.m */,
				1348F9CB2569F26600072CA3 /* MenuVC.h */,
				1348F9CC2569F26600072CA3 /* MenuVC.m */,
				1348F99C2569F1FA00072CA3 /* Main.storyboard */,
				1348F99F2569F1FC00072CA3 /* Assets.xcassets */,
				1348F9A12569F1FC00072CA3 /* LaunchScreen.storyboard */,
				1348F9A42569F1FC00072CA3 /* Info.plist */,
				1348F9A52569F1FC00072CA3 /* main.m */,
			);
			path = PopoverVC;
			sourceTree = "<group>";
		};
		1348F9AE2569F1FC00072CA3 /* PopoverVCTests */ = {
			isa = PBXGroup;
			children = (
				1348F9AF2569F1FC00072CA3 /* PopoverVCTests.m */,
				1348F9B12569F1FC00072CA3 /* Info.plist */,
			);
			path = PopoverVCTests;
			sourceTree = "<group>";
		};
		1348F9B92569F1FC00072CA3 /* PopoverVCUITests */ = {
			isa = PBXGroup;
			children = (
				1348F9BA2569F1FC00072CA3 /* PopoverVCUITests.m */,
				1348F9BC2569F1FC00072CA3 /* Info.plist */,
			);
			path = PopoverVCUITests;
			sourceTree = "<group>";
		};
/* End PBXGroup section */

/* Begin PBXNativeTarget section */
		1348F98F2569F1FA00072CA3 /* PopoverVC */ = {
			isa = PBXNativeTarget;
			buildConfigurationList = 1348F9BF2569F1FC00072CA3 /* Build configuration list for PBXNativeTarget "PopoverVC" */;
			buildPhases = (
				1348F98C2569F1FA00072CA3 /* Sources */,
				1348F98D2569F1FA00072CA3 /* Frameworks */,
				1348F98E2569F1FA00072CA3 /* Resources */,
			);
			buildRules = (
			);
			dependencies = (
			);
			name = PopoverVC;
			productName = PopoverVC;
			productReference = 1348F9902569F1FA00072CA3 /* PopoverVC.app */;
			productType = "com.apple.product-type.application";
		};
		1348F9AA2569F1FC00072CA3 /* PopoverVCTests */ = {
			isa = PBXNativeTarget;
			buildConfigurationList = 1348F9C22569F1FC00072CA3 /* Build configuration list for PBXNativeTarget "PopoverVCTests" */;
			buildPhases = (
				1348F9A72569F1FC00072CA3 /* Sources */,
				1348F9A82569F1FC00072CA3 /* Frameworks */,
				1348F9A92569F1FC00072CA3 /* Resources */,
			);
			buildRules = (
			);
			dependencies = (
				1348F9AD2569F1FC00072CA3 /* PBXTargetDependency */,
			);
			name = PopoverVCTests;
			productName = PopoverVCTests;
			productReference = 1348F9AB2569F1FC00072CA3 /* PopoverVCTests.xctest */;
			productType = "com.apple.product-type.bundle.unit-test";
		};
		1348F9B52569F1FC00072CA3 /* PopoverVCUITests */ = {
			isa = PBXNativeTarget;
			buildConfigurationList = 1348F9C52569F1FC00072CA3 /* Build configuration list for PBXNativeTarget "PopoverVCUITests" */;
			buildPhases = (
				1348F9B22569F1FC00072CA3 /* Sources */,
				1348F9B32569F1FC00072CA3 /* Frameworks */,
				1348F9B42569F1FC00072CA3 /* Resources */,
			);
			buildRules = (
			);
			dependencies = (
				1348F9B82569F1FC00072CA3 /* PBXTargetDependency */,
			);
			name = PopoverVCUITests;
			productName = PopoverVCUITests;
			productReference = 1348F9B62569F1FC00072CA3 /* PopoverVCUITests.xctest */;
			productType = "com.apple.product-type.bundle.ui-testing";
		};
/* End PBXNativeTarget section */

/* Begin PBXProject section */
		1348F9882569F1FA00072CA3 /* Project object */ = {
			isa = PBXProject;
			attributes = {
				LastUpgradeCheck = 1210;
				TargetAttributes = {
					1348F98F2569F1FA00072CA3 = {
						CreatedOnToolsVersion = 12.1;
					};
					1348F9AA2569F1FC00072CA3 = {
						CreatedOnToolsVersion = 12.1;
						TestTargetID = 1348F98F2569F1FA00072CA3;
					};
					1348F9B52569F1FC00072CA3 = {
						CreatedOnToolsVersion = 12.1;
						TestTargetID = 1348F98F2569F1FA00072CA3;
					};
				};
			};
			buildConfigurationList = 1348F98B2569F1FA00072CA3 /* Build configuration list for PBXProject "PopoverVC" */;
			compatibilityVersion = "Xcode 9.3";
			developmentRegion = en;
			hasScannedForEncodings = 0;
			knownRegions = (
				en,
				Base,
			);
			mainGroup = 1348F9872569F1FA00072CA3;
			productRefGroup = 1348F9912569F1FA00072CA3 /* Products */;
			projectDirPath = "";
			projectRoot = "";
			targets = (
				1348F98F2569F1FA00072CA3 /* PopoverVC */,
				1348F9AA2569F1FC00072CA3 /* PopoverVCTests */,
				1348F9B52569F1FC00072CA3 /* PopoverVCUITests */,
			);
		};
/* End PBXProject section */

/* Begin PBXResourcesBuildPhase section */
		1348F98E2569F1FA00072CA3 /* Resources */ = {
			isa = PBXResourcesBuildPhase;
			buildActionMask = 2147483647;
			files = (
				1348F9A32569F1FC00072CA3 /* LaunchScreen.storyboard in Resources */,
				1348F9A02569F1FC00072CA3 /* Assets.xcassets in Resources */,
				1348F99E2569F1FA00072CA3 /* Main.storyboard in Resources */,
			);
			runOnlyForDeploymentPostprocessing = 0;
		};
		1348F9A92569F1FC00072CA3 /* Resources */ = {
			isa = PBXResourcesBuildPhase;
			buildActionMask = 2147483647;
			files = (
			);
			runOnlyForDeploymentPostprocessing = 0;
		};
		1348F9B42569F1FC00072CA3 /* Resources */ = {
			isa = PBXResourcesBuildPhase;
			buildActionMask = 2147483647;
			files = (
			);
			runOnlyForDeploymentPostprocessing = 0;
		};
/* End PBXResourcesBuildPhase section */

/* Begin PBXSourcesBuildPhase section */
		1348F98C2569F1FA00072CA3 /* Sources */ = {
			isa = PBXSourcesBuildPhase;
			buildActionMask = 2147483647;
			files = (
				1348F99B2569F1FA00072CA3 /* ViewController.m in Sources */,
				1348F9952569F1FA00072CA3 /* AppDelegate.m in Sources */,
				1348F9A62569F1FC00072CA3 /* main.m in Sources */,
				1348F9CD2569F26600072CA3 /* MenuVC.m in Sources */,
				1348F9982569F1FA00072CA3 /* SceneDelegate.m in Sources */,
			);
			runOnlyForDeploymentPostprocessing = 0;
		};
		1348F9A72569F1FC00072CA3 /* Sources */ = {
			isa = PBXSourcesBuildPhase;
			buildActionMask = 2147483647;
			files = (
				1348F9B02569F1FC00072CA3 /* PopoverVCTests.m in Sources */,
			);
			runOnlyForDeploymentPostprocessing = 0;
		};
		1348F9B22569F1FC00072CA3 /* Sources */ = {
			isa = PBXSourcesBuildPhase;
			buildActionMask = 2147483647;
			files = (
				1348F9BB2569F1FC00072CA3 /* PopoverVCUITests.m in Sources */,
			);
			runOnlyForDeploymentPostprocessing = 0;
		};
/* End PBXSourcesBuildPhase section */

/* Begin PBXTargetDependency section */
		1348F9AD2569F1FC00072CA3 /* PBXTargetDependency */ = {
			isa = PBXTargetDependency;
			target = 1348F98F2569F1FA00072CA3 /* PopoverVC */;
			targetProxy = 1348F9AC2569F1FC00072CA3 /* PBXContainerItemProxy */;
		};
		1348F9B82569F1FC00072CA3 /* PBXTargetDependency */ = {
			isa = PBXTargetDependency;
			target = 1348F98F2569F1FA00072CA3 /* PopoverVC */;
			targetProxy = 1348F9B72569F1FC00072CA3 /* PBXContainerItemProxy */;
		};
/* End PBXTargetDependency section */

/* Begin PBXVariantGroup section */
		1348F99C2569F1FA00072CA3 /* Main.storyboard */ = {
			isa = PBXVariantGroup;
			children = (
				1348F99D2569F1FA00072CA3 /* Base */,
			);
			name = Main.storyboard;
			sourceTree = "<group>";
		};
		1348F9A12569F1FC00072CA3 /* LaunchScreen.storyboard */ = {
			isa = PBXVariantGroup;
			children = (
				1348F9A22569F1FC00072CA3 /* Base */,
			);
			name = LaunchScreen.storyboard;
			sourceTree = "<group>";
		};
/* End PBXVariantGroup section */

/* Begin XCBuildConfiguration section */
		1348F9BD2569F1FC00072CA3 /* Debug */ = {
			isa = XCBuildConfiguration;
			buildSettings = {
				ALWAYS_SEARCH_USER_PATHS = NO;
				CLANG_ANALYZER_NONNULL = YES;
				CLANG_ANALYZER_NUMBER_OBJECT_CONVERSION = YES_AGGRESSIVE;
				CLANG_CXX_LANGUAGE_STANDARD = "gnu++14";
				CLANG_CXX_LIBRARY = "libc++";
				CLANG_ENABLE_MODULES = YES;
				CLANG_ENABLE_OBJC_ARC = YES;
				CLANG_ENABLE_OBJC_WEAK = YES;
				CLANG_WARN_BLOCK_CAPTURE_AUTORELEASING = YES;
				CLANG_WARN_BOOL_CONVERSION = YES;
				CLANG_WARN_COMMA = YES;
				CLANG_WARN_CONSTANT_CONVERSION = YES;
				CLANG_WARN_DEPRECATED_OBJC_IMPLEMENTATIONS = YES;
				CLANG_WARN_DIRECT_OBJC_ISA_USAGE = YES_ERROR;
				CLANG_WARN_DOCUMENTATION_COMMENTS = YES;
				CLANG_WARN_EMPTY_BODY = YES;
				CLANG_WARN_ENUM_CONVERSION = YES;
				CLANG_WARN_INFINITE_RECURSION = YES;
				CLANG_WARN_INT_CONVERSION = YES;
				CLANG_WARN_NON_LITERAL_NULL_CONVERSION = YES;
				CLANG_WARN_OBJC_IMPLICIT_RETAIN_SELF = YES;
				CLANG_WARN_OBJC_LITERAL_CONVERSION = YES;
				CLANG_WARN_OBJC_ROOT_CLASS = YES_ERROR;
				CLANG_WARN_QUOTED_INCLUDE_IN_FRAMEWORK_HEADER = YES;
				CLANG_WARN_RANGE_LOOP_ANALYSIS = YES;
				CLANG_WARN_STRICT_PROTOTYPES = YES;
				CLANG_WARN_SUSPICIOUS_MOVE = YES;
				CLANG_WARN_UNGUARDED_AVAILABILITY = YES_AGGRESSIVE;
				CLANG_WARN_UNREACHABLE_CODE = YES;
				CLANG_WARN__DUPLICATE_METHOD_MATCH = YES;
				COPY_PHASE_STRIP = NO;
				DEBUG_INFORMATION_FORMAT = dwarf;
				ENABLE_STRICT_OBJC_MSGSEND = YES;
				ENABLE_TESTABILITY = YES;
				GCC_C_LANGUAGE_STANDARD = gnu11;
				GCC_DYNAMIC_NO_PIC = NO;
				GCC_NO_COMMON_BLOCKS = YES;
				GCC_OPTIMIZATION_LEVEL = 0;
				GCC_PREPROCESSOR_DEFINITIONS = (
					"DEBUG=1",
					"$(inherited)",
				);
				GCC_WARN_64_TO_32_BIT_CONVERSION = YES;
				GCC_WARN_ABOUT_RETURN_TYPE = YES_ERROR;
				GCC_WARN_UNDECLARED_SELECTOR = YES;
				GCC_WARN_UNINITIALIZED_AUTOS = YES_AGGRESSIVE;
				GCC_WARN_UNUSED_FUNCTION = YES;
				GCC_WARN_UNUSED_VARIABLE = YES;
				IPHONEOS_DEPLOYMENT_TARGET = 14.1;
				MTL_ENABLE_DEBUG_INFO = INCLUDE_SOURCE;
				MTL_FAST_MATH = YES;
				ONLY_ACTIVE_ARCH = YES;
				SDKROOT = iphoneos;
			};
			name = Debug;
		};
		1348F9BE2569F1FC00072CA3 /* Release */ = {
			isa = XCBuildConfiguration;
			buildSettings = {
				ALWAYS_SEARCH_USER_PATHS = NO;
				CLANG_ANALYZER_NONNULL = YES;
				CLANG_ANALYZER_NUMBER_OBJECT_CONVERSION = YES_AGGRESSIVE;
				CLANG_CXX_LANGUAGE_STANDARD = "gnu++14";
				CLANG_CXX_LIBRARY = "libc++";
				CLANG_ENABLE_MODULES = YES;
				CLANG_ENABLE_OBJC_ARC = YES;
				CLANG_ENABLE_OBJC_WEAK = YES;
				CLANG_WARN_BLOCK_CAPTURE_AUTORELEASING = YES;
				CLANG_WARN_BOOL_CONVERSION = YES;
				CLANG_WARN_COMMA = YES;
				CLANG_WARN_CONSTANT_CONVERSION = YES;
				CLANG_WARN_DEPRECATED_OBJC_IMPLEMENTATIONS = YES;
				CLANG_WARN_DIRECT_OBJC_ISA_USAGE = YES_ERROR;
				CLANG_WARN_DOCUMENTATION_COMMENTS = YES;
				CLANG_WARN_EMPTY_BODY = YES;
				CLANG_WARN_ENUM_CONVERSION = YES;
				CLANG_WARN_INFINITE_RECURSION = YES;
				CLANG_WARN_INT_CONVERSION = YES;
				CLANG_WARN_NON_LITERAL_NULL_CONVERSION = YES;
				CLANG_WARN_OBJC_IMPLICIT_RETAIN_SELF = YES;
				CLANG_WARN_OBJC_LITERAL_CONVERSION = YES;
				CLANG_WARN_OBJC_ROOT_CLASS = YES_ERROR;
				CLANG_WARN_QUOTED_INCLUDE_IN_FRAMEWORK_HEADER = YES;
				CLANG_WARN_RANGE_LOOP_ANALYSIS = YES;
				CLANG_WARN_STRICT_PROTOTYPES = YES;
				CLANG_WARN_SUSPICIOUS_MOVE = YES;
				CLANG_WARN_UNGUARDED_AVAILABILITY = YES_AGGRESSIVE;
				CLANG_WARN_UNREACHABLE_CODE = YES;
				CLANG_WARN__DUPLICATE_METHOD_MATCH = YES;
				COPY_PHASE_STRIP = NO;
				DEBUG_INFORMATION_FORMAT = "dwarf-with-dsym";
				ENABLE_NS_ASSERTIONS = NO;
				ENABLE_STRICT_OBJC_MSGSEND = YES;
				GCC_C_LANGUAGE_STANDARD = gnu11;
				GCC_NO_COMMON_BLOCKS = YES;
				GCC_WARN_64_TO_32_BIT_CONVERSION = YES;
				GCC_WARN_ABOUT_RETURN_TYPE = YES_ERROR;
				GCC_WARN_UNDECLARED_SELECTOR = YES;
				GCC_WARN_UNINITIALIZED_AUTOS = YES_AGGRESSIVE;
				GCC_WARN_UNUSED_FUNCTION = YES;
				GCC_WARN_UNUSED_VARIABLE = YES;
				IPHONEOS_DEPLOYMENT_TARGET = 14.1;
				MTL_ENABLE_DEBUG_INFO = NO;
				MTL_FAST_MATH = YES;
				SDKROOT = iphoneos;
				VALIDATE_PRODUCT = YES;
			};
			name = Release;
		};
		1348F9C02569F1FC00072CA3 /* Debug */ = {
			isa = XCBuildConfiguration;
			buildSettings = {
				ASSETCATALOG_COMPILER_APPICON_NAME = AppIcon;
				ASSETCATALOG_COMPILER_GLOBAL_ACCENT_COLOR_NAME = AccentColor;
				CODE_SIGN_STYLE = Automatic;
				INFOPLIST_FILE = PopoverVC/Info.plist;
				LD_RUNPATH_SEARCH_PATHS = (
					"$(inherited)",
					"@executable_path/Frameworks",
				);
				PRODUCT_BUNDLE_IDENTIFIER = com.xianghong.PopoverVC;
				PRODUCT_NAME = "$(TARGET_NAME)";
				TARGETED_DEVICE_FAMILY = "1,2";
			};
			name = Debug;
		};
		1348F9C12569F1FC00072CA3 /* Release */ = {
			isa = XCBuildConfiguration;
			buildSettings = {
				ASSETCATALOG_COMPILER_APPICON_NAME = AppIcon;
				ASSETCATALOG_COMPILER_GLOBAL_ACCENT_COLOR_NAME = AccentColor;
				CODE_SIGN_STYLE = Automatic;
				INFOPLIST_FILE = PopoverVC/Info.plist;
				LD_RUNPATH_SEARCH_PATHS = (
					"$(inherited)",
					"@executable_path/Frameworks",
				);
				PRODUCT_BUNDLE_IDENTIFIER = com.xianghong.PopoverVC;
				PRODUCT_NAME = "$(TARGET_NAME)";
				TARGETED_DEVICE_FAMILY = "1,2";
			};
			name = Release;
		};
		1348F9C32569F1FC00072CA3 /* Debug */ = {
			isa = XCBuildConfiguration;
			buildSettings = {
				BUNDLE_LOADER = "$(TEST_HOST)";
				CODE_SIGN_STYLE = Automatic;
				INFOPLIST_FILE = PopoverVCTests/Info.plist;
				IPHONEOS_DEPLOYMENT_TARGET = 14.1;
				LD_RUNPATH_SEARCH_PATHS = (
					"$(inherited)",
					"@executable_path/Frameworks",
					"@loader_path/Frameworks",
				);
				PRODUCT_BUNDLE_IDENTIFIER = com.xianghong.PopoverVCTests;
				PRODUCT_NAME = "$(TARGET_NAME)";
				TARGETED_DEVICE_FAMILY = "1,2";
				TEST_HOST = "$(BUILT_PRODUCTS_DIR)/PopoverVC.app/PopoverVC";
			};
			name = Debug;
		};
		1348F9C42569F1FC00072CA3 /* Release */ = {
			isa = XCBuildConfiguration;
			buildSettings = {
				BUNDLE_LOADER = "$(TEST_HOST)";
				CODE_SIGN_STYLE = Automatic;
				INFOPLIST_FILE = PopoverVCTests/Info.plist;
				IPHONEOS_DEPLOYMENT_TARGET = 14.1;
				LD_RUNPATH_SEARCH_PATHS = (
					"$(inherited)",
					"@executable_path/Frameworks",
					"@loader_path/Frameworks",
				);
				PRODUCT_BUNDLE_IDENTIFIER = com.xianghong.PopoverVCTests;
				PRODUCT_NAME = "$(TARGET_NAME)";
				TARGETED_DEVICE_FAMILY = "1,2";
				TEST_HOST = "$(BUILT_PRODUCTS_DIR)/PopoverVC.app/PopoverVC";
			};
			name = Release;
		};
		1348F9C62569F1FC00072CA3 /* Debug */ = {
			isa = XCBuildConfiguration;
			buildSettings = {
				CODE_SIGN_STYLE = Automatic;
				INFOPLIST_FILE = PopoverVCUITests/Info.plist;
				LD_RUNPATH_SEARCH_PATHS = (
					"$(inherited)",
					"@executable_path/Frameworks",
					"@loader_path/Frameworks",
				);
				PRODUCT_BUNDLE_IDENTIFIER = com.xianghong.PopoverVCUITests;
				PRODUCT_NAME = "$(TARGET_NAME)";
				TARGETED_DEVICE_FAMILY = "1,2";
				TEST_TARGET_NAME = PopoverVC;
			};
			name = Debug;
		};
		1348F9C72569F1FC00072CA3 /* Release */ = {
			isa = XCBuildConfiguration;
			buildSettings = {
				CODE_SIGN_STYLE = Automatic;
				INFOPLIST_FILE = PopoverVCUITests/Info.plist;
				LD_RUNPATH_SEARCH_PATHS = (
					"$(inherited)",
					"@executable_path/Frameworks",
					"@loader_path/Frameworks",
				);
				PRODUCT_BUNDLE_IDENTIFIER = com.xianghong.PopoverVCUITests;
				PRODUCT_NAME = "$(TARGET_NAME)";
				TARGETED_DEVICE_FAMILY = "1,2";
				TEST_TARGET_NAME = PopoverVC;
			};
			name = Release;
		};
/* End XCBuildConfiguration section */

/* Begin XCConfigurationList section */
		1348F98B2569F1FA00072CA3 /* Build configuration list for PBXProject "PopoverVC" */ = {
			isa = XCConfigurationList;
			buildConfigurations = (
				1348F9BD2569F1FC00072CA3 /* Debug */,
				1348F9BE2569F1FC00072CA3 /* Release */,
			);
			defaultConfigurationIsVisible = 0;
			defaultConfigurationName = Release;
		};
		1348F9BF2569F1FC00072CA3 /* Build configuration list for PBXNativeTarget "PopoverVC" */ = {
			isa = XCConfigurationList;
			buildConfigurations = (
				1348F9C02569F1FC00072CA3 /* Debug */,
				1348F9C12569F1FC00072CA3 /* Release */,
			);
			defaultConfigurationIsVisible = 0;
			defaultConfigurationName = Release;
		};
		1348F9C22569F1FC00072CA3 /* Build configuration list for PBXNativeTarget "PopoverVCTests" */ = {
			isa = XCConfigurationList;
			buildConfigurations = (
				1348F9C32569F1FC00072CA3 /* Debug */,
				1348F9C42569F1FC00072CA3 /* Release */,
			);
			defaultConfigurationIsVisible = 0;
			defaultConfigurationName = Release;
		};
		1348F9C52569F1FC00072CA3 /* Build configuration list for PBXNativeTarget "PopoverVCUITests" */ = {
			isa = XCConfigurationList;
			buildConfigurations = (
				1348F9C62569F1FC00072CA3 /* Debug */,
				1348F9C72569F1FC00072CA3 /* Release */,
			);
			defaultConfigurationIsVisible = 0;
			defaultConfigurationName = Release;
		};
/* End XCConfigurationList section */
	};
	rootObject = 1348F9882569F1FA00072CA3 /* Project object */;
}
